
Microsoft Visual Studio Solution File, Format Version 12.00
# Visual Studio Version 17
VisualStudioVersion = 17.0.31903.59
MinimumVisualStudioVersion = 10.0.40219.1
Project("{9A19103F-16F7-4668-BE54-9A1E7A4F7556}") = "SA.Irrigation.Desktop", "SA.Irrigation.Desktop\SA.Irrigation.Desktop.csproj", "{97D1C09E-812E-41F9-A4FC-501B3D869D02}"
EndProject
Project("{9A19103F-16F7-4668-BE54-9A1E7A4F7556}") = "SA.Irrigation.Db", "SA.Irrigation.Db\SA.Irrigation.Db.csproj", "{3AF489BB-841C-44FD-A069-C4F5F30316AA}"
EndProject
Project("{9A19103F-16F7-4668-BE54-9A1E7A4F7556}") = "SA.Irrigation.Common", "SA.Irrigation.Common\SA.Irrigation.Common.csproj", "{BCE80EF0-AF71-4959-8C29-F9F701656B53}"
EndProject
Project("{9A19103F-16F7-4668-BE54-9A1E7A4F7556}") = "SA.Irrigation.Services", "SA.Irrigation.Services\SA.Irrigation.Services.csproj", "{E66837C1-1884-49C3-8330-16CA4A63A4D5}"
EndProject
Project("{9A19103F-16F7-4668-BE54-9A1E7A4F7556}") = "SA.Irrigation.API", "SA.Irriagation.API\SA.Irrigation.API.csproj", "{2FA264BF-E410-460A-9296-25F027A48DC5}"
EndProject
Project("{9A19103F-16F7-4668-BE54-9A1E7A4F7556}") = "MasterT.WPF.CrontabBuilder", "MasterT.WPF.CrontabBuilder\MasterT.WPF.CrontabBuilder.csproj", "{09D81356-611F-4FEA-B301-AE04289CD750}"
EndProject
Project("{FAE04EC0-301F-11D3-BF4B-00C04F79EFBC}") = "SA.Irrigation.ServicesTests", "SA.Irrigation.ServicesTests\SA.Irrigation.ServicesTests.csproj", "{4B9DEC86-F444-4CA1-8581-24F778479BB4}"
EndProject
Global
	GlobalSection(SolutionConfigurationPlatforms) = preSolution
		Debug|Any CPU = Debug|Any CPU
		Release|Any CPU = Release|Any CPU
	EndGlobalSection
	GlobalSection(ProjectConfigurationPlatforms) = postSolution
		{97D1C09E-812E-41F9-A4FC-501B3D869D02}.Debug|Any CPU.ActiveCfg = Debug|Any CPU
		{97D1C09E-812E-41F9-A4FC-501B3D869D02}.Debug|Any CPU.Build.0 = Debug|Any CPU
		{97D1C09E-812E-41F9-A4FC-501B3D869D02}.Release|Any CPU.ActiveCfg = Release|Any CPU
		{97D1C09E-812E-41F9-A4FC-501B3D869D02}.Release|Any CPU.Build.0 = Release|Any CPU
		{3AF489BB-841C-44FD-A069-C4F5F30316AA}.Debug|Any CPU.ActiveCfg = Debug|Any CPU
		{3AF489BB-841C-44FD-A069-C4F5F30316AA}.Debug|Any CPU.Build.0 = Debug|Any CPU
		{3AF489BB-841C-44FD-A069-C4F5F30316AA}.Release|Any CPU.ActiveCfg = Release|Any CPU
		{3AF489BB-841C-44FD-A069-C4F5F30316AA}.Release|Any CPU.Build.0 = Release|Any CPU
		{BCE80EF0-AF71-4959-8C29-F9F701656B53}.Debug|Any CPU.ActiveCfg = Debug|Any CPU
		{BCE80EF0-AF71-4959-8C29-F9F701656B53}.Debug|Any CPU.Build.0 = Debug|Any CPU
		{BCE80EF0-AF71-4959-8C29-F9F701656B53}.Release|Any CPU.ActiveCfg = Release|Any CPU
		{BCE80EF0-AF71-4959-8C29-F9F701656B53}.Release|Any CPU.Build.0 = Release|Any CPU
		{E66837C1-1884-49C3-8330-16CA4A63A4D5}.Debug|Any CPU.ActiveCfg = Debug|Any CPU
		{E66837C1-1884-49C3-8330-16CA4A63A4D5}.Debug|Any CPU.Build.0 = Debug|Any CPU
		{E66837C1-1884-49C3-8330-16CA4A63A4D5}.Release|Any CPU.ActiveCfg = Release|Any CPU
		{E66837C1-1884-49C3-8330-16CA4A63A4D5}.Release|Any CPU.Build.0 = Release|Any CPU
		{2FA264BF-E410-460A-9296-25F027A48DC5}.Debug|Any CPU.ActiveCfg = Debug|Any CPU
		{2FA264BF-E410-460A-9296-25F027A48DC5}.Debug|Any CPU.Build.0 = Debug|Any CPU
		{2FA264BF-E410-460A-9296-25F027A48DC5}.Release|Any CPU.ActiveCfg = Release|Any CPU
		{2FA264BF-E410-460A-9296-25F027A48DC5}.Release|Any CPU.Build.0 = Release|Any CPU
		{09D81356-611F-4FEA-B301-AE04289CD750}.Debug|Any CPU.ActiveCfg = Debug|Any CPU
		{09D81356-611F-4FEA-B301-AE04289CD750}.Debug|Any CPU.Build.0 = Debug|Any CPU
		{09D81356-611F-4FEA-B301-AE04289CD750}.Release|Any CPU.ActiveCfg = Release|Any CPU
		{09D81356-611F-4FEA-B301-AE04289CD750}.Release|Any CPU.Build.0 = Release|Any CPU
		{4B9DEC86-F444-4CA1-8581-24F778479BB4}.Debug|Any CPU.ActiveCfg = Debug|Any CPU
		{4B9DEC86-F444-4CA1-8581-24F778479BB4}.Debug|Any CPU.Build.0 = Debug|Any CPU
		{4B9DEC86-F444-4CA1-8581-24F778479BB4}.Release|Any CPU.ActiveCfg = Release|Any CPU
		{4B9DEC86-F444-4CA1-8581-24F778479BB4}.Release|Any CPU.Build.0 = Release|Any CPU
	EndGlobalSection
	GlobalSection(SolutionProperties) = preSolution
		HideSolutionNode = FALSE
	EndGlobalSection
	GlobalSection(ExtensibilityGlobals) = postSolution
		SolutionGuid = {EAE0F8DF-C677-4816-887D-137668381894}
	EndGlobalSection
EndGlobal
